
Microsoft Visual Studio Solution File, Format Version 12.00
# Visual Studio Version 17
VisualStudioVersion = 17.9.34701.34
MinimumVisualStudioVersion = 10.0.40219.1
Project("{9A19103F-16F7-4668-BE54-9A1E7A4F7556}") = "EverestLMS.API", "EverestLMS.API\EverestLMS.API.csproj", "{9B16A0DD-8A3C-4229-A21D-2B572612E1D5}"
EndProject
Project("{9A19103F-16F7-4668-BE54-9A1E7A4F7556}") = "EverestLMS.Services", "EverestLMS.Services\EverestLMS.Services.csproj", "{9DECC3FF-F539-4093-BBBA-561A22005875}"
EndProject
Project("{9A19103F-16F7-4668-BE54-9A1E7A4F7556}") = "EverestLMS.Repository", "EverestLMS.Repository\EverestLMS.Repository.csproj", "{F4AA624B-9946-4008-AB84-7E829E8C24E1}"
EndProject
Project("{9A19103F-16F7-4668-BE54-9A1E7A4F7556}") = "EverestLMS.ViewModels", "EverestLMS.ViewModels\EverestLMS.ViewModels.csproj", "{6BD8143D-FB36-405D-9D3D-A48808774E30}"
EndProject
Project("{9A19103F-16F7-4668-BE54-9A1E7A4F7556}") = "EverestLMS.Entities", "EverestLMS.Entities\EverestLMS.Entities.csproj", "{2578FDC8-1648-49B4-9160-329745B5B6D7}"
EndProject
Project("{9A19103F-16F7-4668-BE54-9A1E7A4F7556}") = "EverestLMS.Common", "EverestLMS.Common\EverestLMS.Common.csproj", "{E6D6DF2A-AA31-458A-8400-2A3559E9BFD5}"
EndProject
Project("{9A19103F-16F7-4668-BE54-9A1E7A4F7556}") = "EverestLMS.IntegrationTests", "EverestLMS.IntegrationTests\EverestLMS.IntegrationTests.csproj", "{4541AE28-79FA-418C-BD2E-D245BE5FA033}"
EndProject
Project("{9A19103F-16F7-4668-BE54-9A1E7A4F7556}") = "EverestLMS.UnitTests", "EverestLMS.UnitTests\EverestLMS.UnitTests.csproj", "{ADB3FA81-E284-4361-9484-E20C96664C28}"
EndProject
Project("{2150E333-8FDC-42A3-9474-1A3956D46DE8}") = "1. Shared", "1. Shared", "{36B18967-D8BC-4CB0-BE70-DBA6232A0905}"
EndProject
Project("{2150E333-8FDC-42A3-9474-1A3956D46DE8}") = "2. Domain", "2. Domain", "{8454DF39-F1F7-4595-BC8A-FAF7037985D7}"
EndProject
Project("{2150E333-8FDC-42A3-9474-1A3956D46DE8}") = "3. Business", "3. Business", "{993CC342-AA07-4560-815D-FE553795937A}"
EndProject
Project("{2150E333-8FDC-42A3-9474-1A3956D46DE8}") = "4. Web", "4. Web", "{DA40D0A6-BE5E-45DB-AC06-A7207334822E}"
EndProject
Project("{2150E333-8FDC-42A3-9474-1A3956D46DE8}") = "5. Tests", "5. Tests", "{1456D2F9-FCCF-46F8-A2CD-8AC61C565146}"
EndProject
Project("{9A19103F-16F7-4668-BE54-9A1E7A4F7556}") = "EverestLMS.PopulateData", "EverestLMS.MLModelGenerator\EverestLMS.PopulateData.csproj", "{AE3E5A58-B1E7-4DCA-A76A-FAEA67530C57}"
EndProject
Project("{9A19103F-16F7-4668-BE54-9A1E7A4F7556}") = "EverestLMS.MLPredictionTrainer", "EverestLMS.MLPredictionTrainer\EverestLMS.MLPredictionTrainer.csproj", "{781A6817-A9D0-46CA-9897-F961E8A5F297}"
EndProject
Project("{9A19103F-16F7-4668-BE54-9A1E7A4F7556}") = "EverestLMS.Scheduler", "EverestLMS.Scheduler\EverestLMS.Scheduler.csproj", "{686B3DB4-546A-445E-9151-A84F0BA12EC8}"
EndProject
Project("{9A19103F-16F7-4668-BE54-9A1E7A4F7556}") = "EverestLMS.Core", "EverestLMS.Core\EverestLMS.Core.csproj", "{E32B0E7F-A313-4130-9728-63AA5D1B2CEB}"
EndProject
Project("{2150E333-8FDC-42A3-9474-1A3956D46DE8}") = "Solution Items", "Solution Items", "{E218F272-2D54-48F4-9E9B-2B17DEBD43ED}"
	ProjectSection(SolutionItems) = preProject
		.editorconfig = .editorconfig
	EndProjectSection
EndProject
Global
	GlobalSection(SolutionConfigurationPlatforms) = preSolution
		Debug|Any CPU = Debug|Any CPU
		Release|Any CPU = Release|Any CPU
	EndGlobalSection
	GlobalSection(ProjectConfigurationPlatforms) = postSolution
		{9B16A0DD-8A3C-4229-A21D-2B572612E1D5}.Debug|Any CPU.ActiveCfg = Debug|Any CPU
		{9B16A0DD-8A3C-4229-A21D-2B572612E1D5}.Debug|Any CPU.Build.0 = Debug|Any CPU
		{9B16A0DD-8A3C-4229-A21D-2B572612E1D5}.Release|Any CPU.ActiveCfg = Release|Any CPU
		{9B16A0DD-8A3C-4229-A21D-2B572612E1D5}.Release|Any CPU.Build.0 = Release|Any CPU
		{9DECC3FF-F539-4093-BBBA-561A22005875}.Debug|Any CPU.ActiveCfg = Debug|Any CPU
		{9DECC3FF-F539-4093-BBBA-561A22005875}.Debug|Any CPU.Build.0 = Debug|Any CPU
		{9DECC3FF-F539-4093-BBBA-561A22005875}.Release|Any CPU.ActiveCfg = Release|Any CPU
		{9DECC3FF-F539-4093-BBBA-561A22005875}.Release|Any CPU.Build.0 = Release|Any CPU
		{F4AA624B-9946-4008-AB84-7E829E8C24E1}.Debug|Any CPU.ActiveCfg = Debug|Any CPU
		{F4AA624B-9946-4008-AB84-7E829E8C24E1}.Debug|Any CPU.Build.0 = Debug|Any CPU
		{F4AA624B-9946-4008-AB84-7E829E8C24E1}.Release|Any CPU.ActiveCfg = Release|Any CPU
		{F4AA624B-9946-4008-AB84-7E829E8C24E1}.Release|Any CPU.Build.0 = Release|Any CPU
		{6BD8143D-FB36-405D-9D3D-A48808774E30}.Debug|Any CPU.ActiveCfg = Debug|Any CPU
		{6BD8143D-FB36-405D-9D3D-A48808774E30}.Debug|Any CPU.Build.0 = Debug|Any CPU
		{6BD8143D-FB36-405D-9D3D-A48808774E30}.Release|Any CPU.ActiveCfg = Release|Any CPU
		{6BD8143D-FB36-405D-9D3D-A48808774E30}.Release|Any CPU.Build.0 = Release|Any CPU
		{2578FDC8-1648-49B4-9160-329745B5B6D7}.Debug|Any CPU.ActiveCfg = Debug|Any CPU
		{2578FDC8-1648-49B4-9160-329745B5B6D7}.Debug|Any CPU.Build.0 = Debug|Any CPU
		{2578FDC8-1648-49B4-9160-329745B5B6D7}.Release|Any CPU.ActiveCfg = Release|Any CPU
		{2578FDC8-1648-49B4-9160-329745B5B6D7}.Release|Any CPU.Build.0 = Release|Any CPU
		{E6D6DF2A-AA31-458A-8400-2A3559E9BFD5}.Debug|Any CPU.ActiveCfg = Debug|Any CPU
		{E6D6DF2A-AA31-458A-8400-2A3559E9BFD5}.Debug|Any CPU.Build.0 = Debug|Any CPU
		{E6D6DF2A-AA31-458A-8400-2A3559E9BFD5}.Release|Any CPU.ActiveCfg = Release|Any CPU
		{E6D6DF2A-AA31-458A-8400-2A3559E9BFD5}.Release|Any CPU.Build.0 = Release|Any CPU
		{4541AE28-79FA-418C-BD2E-D245BE5FA033}.Debug|Any CPU.ActiveCfg = Debug|Any CPU
		{4541AE28-79FA-418C-BD2E-D245BE5FA033}.Debug|Any CPU.Build.0 = Debug|Any CPU
		{4541AE28-79FA-418C-BD2E-D245BE5FA033}.Release|Any CPU.ActiveCfg = Release|Any CPU
		{4541AE28-79FA-418C-BD2E-D245BE5FA033}.Release|Any CPU.Build.0 = Release|Any CPU
		{ADB3FA81-E284-4361-9484-E20C96664C28}.Debug|Any CPU.ActiveCfg = Debug|Any CPU
		{ADB3FA81-E284-4361-9484-E20C96664C28}.Debug|Any CPU.Build.0 = Debug|Any CPU
		{ADB3FA81-E284-4361-9484-E20C96664C28}.Release|Any CPU.ActiveCfg = Release|Any CPU
		{ADB3FA81-E284-4361-9484-E20C96664C28}.Release|Any CPU.Build.0 = Release|Any CPU
		{AE3E5A58-B1E7-4DCA-A76A-FAEA67530C57}.Debug|Any CPU.ActiveCfg = Debug|Any CPU
		{AE3E5A58-B1E7-4DCA-A76A-FAEA67530C57}.Debug|Any CPU.Build.0 = Debug|Any CPU
		{AE3E5A58-B1E7-4DCA-A76A-FAEA67530C57}.Release|Any CPU.ActiveCfg = Release|Any CPU
		{AE3E5A58-B1E7-4DCA-A76A-FAEA67530C57}.Release|Any CPU.Build.0 = Release|Any CPU
		{781A6817-A9D0-46CA-9897-F961E8A5F297}.Debug|Any CPU.ActiveCfg = Debug|Any CPU
		{781A6817-A9D0-46CA-9897-F961E8A5F297}.Debug|Any CPU.Build.0 = Debug|Any CPU
		{781A6817-A9D0-46CA-9897-F961E8A5F297}.Release|Any CPU.ActiveCfg = Release|Any CPU
		{781A6817-A9D0-46CA-9897-F961E8A5F297}.Release|Any CPU.Build.0 = Release|Any CPU
		{686B3DB4-546A-445E-9151-A84F0BA12EC8}.Debug|Any CPU.ActiveCfg = Debug|Any CPU
		{686B3DB4-546A-445E-9151-A84F0BA12EC8}.Debug|Any CPU.Build.0 = Debug|Any CPU
		{686B3DB4-546A-445E-9151-A84F0BA12EC8}.Release|Any CPU.ActiveCfg = Release|Any CPU
		{686B3DB4-546A-445E-9151-A84F0BA12EC8}.Release|Any CPU.Build.0 = Release|Any CPU
		{E32B0E7F-A313-4130-9728-63AA5D1B2CEB}.Debug|Any CPU.ActiveCfg = Debug|Any CPU
		{E32B0E7F-A313-4130-9728-63AA5D1B2CEB}.Debug|Any CPU.Build.0 = Debug|Any CPU
		{E32B0E7F-A313-4130-9728-63AA5D1B2CEB}.Release|Any CPU.ActiveCfg = Release|Any CPU
		{E32B0E7F-A313-4130-9728-63AA5D1B2CEB}.Release|Any CPU.Build.0 = Release|Any CPU
	EndGlobalSection
	GlobalSection(SolutionProperties) = preSolution
		HideSolutionNode = FALSE
	EndGlobalSection
	GlobalSection(NestedProjects) = preSolution
		{9B16A0DD-8A3C-4229-A21D-2B572612E1D5} = {DA40D0A6-BE5E-45DB-AC06-A7207334822E}
		{9DECC3FF-F539-4093-BBBA-561A22005875} = {993CC342-AA07-4560-815D-FE553795937A}
		{F4AA624B-9946-4008-AB84-7E829E8C24E1} = {8454DF39-F1F7-4595-BC8A-FAF7037985D7}
		{6BD8143D-FB36-405D-9D3D-A48808774E30} = {993CC342-AA07-4560-815D-FE553795937A}
		{2578FDC8-1648-49B4-9160-329745B5B6D7} = {8454DF39-F1F7-4595-BC8A-FAF7037985D7}
		{E6D6DF2A-AA31-458A-8400-2A3559E9BFD5} = {36B18967-D8BC-4CB0-BE70-DBA6232A0905}
		{4541AE28-79FA-418C-BD2E-D245BE5FA033} = {1456D2F9-FCCF-46F8-A2CD-8AC61C565146}
		{ADB3FA81-E284-4361-9484-E20C96664C28} = {1456D2F9-FCCF-46F8-A2CD-8AC61C565146}
		{AE3E5A58-B1E7-4DCA-A76A-FAEA67530C57} = {36B18967-D8BC-4CB0-BE70-DBA6232A0905}
		{781A6817-A9D0-46CA-9897-F961E8A5F297} = {36B18967-D8BC-4CB0-BE70-DBA6232A0905}
		{686B3DB4-546A-445E-9151-A84F0BA12EC8} = {36B18967-D8BC-4CB0-BE70-DBA6232A0905}
		{E32B0E7F-A313-4130-9728-63AA5D1B2CEB} = {993CC342-AA07-4560-815D-FE553795937A}
	EndGlobalSection
	GlobalSection(ExtensibilityGlobals) = postSolution
		SolutionGuid = {4AD6EF27-C02E-44C3-A9A9-D2949111BE31}
	EndGlobalSection
EndGlobal
